
Microsoft Visual Studio Solution File, Format Version 12.00
# Visual Studio Version 17
VisualStudioVersion = 17.3.32929.385
MinimumVisualStudioVersion = 10.0.40219.1
Project("{9A19103F-16F7-4668-BE54-9A1E7A4F7556}") = "LataPrzestepne2", "LataPrzestepne2.csproj", "{953B8B25-7E76-41CB-85FF-319F1A82A126}"
EndProject
Global
	GlobalSection(SolutionConfigurationPlatforms) = preSolution
		Debug|Any CPU = Debug|Any CPU
		Release|Any CPU = Release|Any CPU
	EndGlobalSection
	GlobalSection(ProjectConfigurationPlatforms) = postSolution
		{953B8B25-7E76-41CB-85FF-319F1A82A126}.Debug|Any CPU.ActiveCfg = Debug|Any CPU
		{953B8B25-7E76-41CB-85FF-319F1A82A126}.Debug|Any CPU.Build.0 = Debug|Any CPU
		{953B8B25-7E76-41CB-85FF-319F1A82A126}.Release|Any CPU.ActiveCfg = Release|Any CPU
		{953B8B25-7E76-41CB-85FF-319F1A82A126}.Release|Any CPU.Build.0 = Release|Any CPU
	EndGlobalSection
	GlobalSection(SolutionProperties) = preSolution
		HideSolutionNode = FALSE
	EndGlobalSection
	GlobalSection(ExtensibilityGlobals) = postSolution
		SolutionGuid = {B04702AB-3971-43CE-8F06-C2C867ECE650}
	EndGlobalSection
EndGlobal
